
Microsoft Visual Studio Solution File, Format Version 12.00
# Visual Studio Version 17
VisualStudioVersion = 17.12.35527.113
MinimumVisualStudioVersion = 10.0.40219.1
Project("{2150E333-8FDC-42A3-9474-1A3956D46DE8}") = "src", "src", "{7955D5E3-0739-4EA7-AA7E-A015D1300D1A}"
EndProject
Project("{FAE04EC0-301F-11D3-BF4B-00C04F79EFBC}") = "BasaltHexagons.UniversalFileSystem", "src\BasaltHexagons.UniversalFileSystem\BasaltHexagons.UniversalFileSystem.csproj", "{68C2F58E-AED8-48AA-B7AA-B65775246BAB}"
EndProject
Project("{FAE04EC0-301F-11D3-BF4B-00C04F79EFBC}") = "BasaltHexagons.UniversalFileSystem.Core", "src\BasaltHexagons.UniversalFileSystem.Core\BasaltHexagons.UniversalFileSystem.Core.csproj", "{99BD94CE-3D2C-41B9-863C-8908A4EB8C47}"
EndProject
Project("{FAE04EC0-301F-11D3-BF4B-00C04F79EFBC}") = "BasaltHexagons.UniversalFileSystem.File", "src\BasaltHexagons.UniversalFileSystem.File\BasaltHexagons.UniversalFileSystem.File.csproj", "{925710A5-39AD-4A44-A714-2EDD51A005B6}"
EndProject
Project("{FAE04EC0-301F-11D3-BF4B-00C04F79EFBC}") = "BasaltHexagons.UniversalFileSystem.Cli", "src\BasaltHexagons.UniversalFileSystem.Cli\BasaltHexagons.UniversalFileSystem.Cli.csproj", "{1C960235-B580-4EE8-87E2-8A21054DD2BD}"
EndProject
Project("{FAE04EC0-301F-11D3-BF4B-00C04F79EFBC}") = "BasaltHexagons.UniversalFileSystem.AwsS3", "src\BasaltHexagons.UniversalFileSystem.AwsS3\BasaltHexagons.UniversalFileSystem.AwsS3.csproj", "{EFE05FDF-CF85-4713-944A-E60879E48186}"
EndProject
Project("{FAE04EC0-301F-11D3-BF4B-00C04F79EFBC}") = "BasaltHexagons.UniversalFileSystem.AzureBlob", "src\BasaltHexagons.UniversalFileSystem.AzureBlob\BasaltHexagons.UniversalFileSystem.AzureBlob.csproj", "{95295199-EDDA-43FB-B3D2-463DA5BAC7C3}"
EndProject
Project("{2150E333-8FDC-42A3-9474-1A3956D46DE8}") = "tests", "tests", "{13929D5B-7301-4101-8FD1-3246FDEDD279}"
EndProject
Project("{FAE04EC0-301F-11D3-BF4B-00C04F79EFBC}") = "BasaltHexagons.UniversalFileSystem.IntegrationTests", "tests\BasaltHexagons.UniversalFileSystem.IntegrationTests\BasaltHexagons.UniversalFileSystem.IntegrationTests.csproj", "{13DC0317-36BB-456F-9F1F-06F08461BFFC}"
EndProject
Project("{FAE04EC0-301F-11D3-BF4B-00C04F79EFBC}") = "BasaltHexagons.UniversalFileSystem.TestUtils", "tests\BasaltHexagons.UniversalFileSystem.TestUtils\BasaltHexagons.UniversalFileSystem.TestUtils.csproj", "{47513295-AEF4-4AD1-B870-BEEACA70623A}"
EndProject
Project("{FAE04EC0-301F-11D3-BF4B-00C04F79EFBC}") = "BasaltHexagons.UniversalFileSystem.Memory", "src\BasaltHexagons.UniversalFileSystem.Memory\BasaltHexagons.UniversalFileSystem.Memory.csproj", "{FF063A6B-0C76-4CCA-A2FD-F4F29B997A4B}"
EndProject
Project("{FAE04EC0-301F-11D3-BF4B-00C04F79EFBC}") = "BasaltHexagons.UniversalFileSystem.Core.UnitTests", "tests\BasaltHexagons.UniversalFileSystem.Core.UnitTests\BasaltHexagons.UniversalFileSystem.Core.UnitTests.csproj", "{AD8F81F2-149E-4A03-94F9-F27142D866AA}"
EndProject
Project("{FAE04EC0-301F-11D3-BF4B-00C04F79EFBC}") = "BasaltHexagons.UniversalFileSystem.AliyunOss", "src\BasaltHexagons.UniversalFileSystem.AliyunOss\BasaltHexagons.UniversalFileSystem.AliyunOss.csproj", "{B8C20140-385D-4745-B6CE-238F3D69685F}"
EndProject
Global
	GlobalSection(SolutionConfigurationPlatforms) = preSolution
		Debug|Any CPU = Debug|Any CPU
		Release|Any CPU = Release|Any CPU
	EndGlobalSection
	GlobalSection(ProjectConfigurationPlatforms) = postSolution
		{68C2F58E-AED8-48AA-B7AA-B65775246BAB}.Debug|Any CPU.ActiveCfg = Debug|Any CPU
		{68C2F58E-AED8-48AA-B7AA-B65775246BAB}.Debug|Any CPU.Build.0 = Debug|Any CPU
		{68C2F58E-AED8-48AA-B7AA-B65775246BAB}.Release|Any CPU.ActiveCfg = Release|Any CPU
		{68C2F58E-AED8-48AA-B7AA-B65775246BAB}.Release|Any CPU.Build.0 = Release|Any CPU
		{99BD94CE-3D2C-41B9-863C-8908A4EB8C47}.Debug|Any CPU.ActiveCfg = Debug|Any CPU
		{99BD94CE-3D2C-41B9-863C-8908A4EB8C47}.Debug|Any CPU.Build.0 = Debug|Any CPU
		{99BD94CE-3D2C-41B9-863C-8908A4EB8C47}.Release|Any CPU.ActiveCfg = Release|Any CPU
		{99BD94CE-3D2C-41B9-863C-8908A4EB8C47}.Release|Any CPU.Build.0 = Release|Any CPU
		{925710A5-39AD-4A44-A714-2EDD51A005B6}.Debug|Any CPU.ActiveCfg = Debug|Any CPU
		{925710A5-39AD-4A44-A714-2EDD51A005B6}.Debug|Any CPU.Build.0 = Debug|Any CPU
		{925710A5-39AD-4A44-A714-2EDD51A005B6}.Release|Any CPU.ActiveCfg = Release|Any CPU
		{925710A5-39AD-4A44-A714-2EDD51A005B6}.Release|Any CPU.Build.0 = Release|Any CPU
		{1C960235-B580-4EE8-87E2-8A21054DD2BD}.Debug|Any CPU.ActiveCfg = Debug|Any CPU
		{1C960235-B580-4EE8-87E2-8A21054DD2BD}.Debug|Any CPU.Build.0 = Debug|Any CPU
		{1C960235-B580-4EE8-87E2-8A21054DD2BD}.Release|Any CPU.ActiveCfg = Release|Any CPU
		{1C960235-B580-4EE8-87E2-8A21054DD2BD}.Release|Any CPU.Build.0 = Release|Any CPU
		{EFE05FDF-CF85-4713-944A-E60879E48186}.Debug|Any CPU.ActiveCfg = Debug|Any CPU
		{EFE05FDF-CF85-4713-944A-E60879E48186}.Debug|Any CPU.Build.0 = Debug|Any CPU
		{EFE05FDF-CF85-4713-944A-E60879E48186}.Release|Any CPU.ActiveCfg = Release|Any CPU
		{EFE05FDF-CF85-4713-944A-E60879E48186}.Release|Any CPU.Build.0 = Release|Any CPU
		{95295199-EDDA-43FB-B3D2-463DA5BAC7C3}.Debug|Any CPU.ActiveCfg = Debug|Any CPU
		{95295199-EDDA-43FB-B3D2-463DA5BAC7C3}.Debug|Any CPU.Build.0 = Debug|Any CPU
		{95295199-EDDA-43FB-B3D2-463DA5BAC7C3}.Release|Any CPU.ActiveCfg = Release|Any CPU
		{95295199-EDDA-43FB-B3D2-463DA5BAC7C3}.Release|Any CPU.Build.0 = Release|Any CPU
		{13DC0317-36BB-456F-9F1F-06F08461BFFC}.Debug|Any CPU.ActiveCfg = Debug|Any CPU
		{13DC0317-36BB-456F-9F1F-06F08461BFFC}.Debug|Any CPU.Build.0 = Debug|Any CPU
		{13DC0317-36BB-456F-9F1F-06F08461BFFC}.Release|Any CPU.ActiveCfg = Release|Any CPU
		{13DC0317-36BB-456F-9F1F-06F08461BFFC}.Release|Any CPU.Build.0 = Release|Any CPU
		{47513295-AEF4-4AD1-B870-BEEACA70623A}.Debug|Any CPU.ActiveCfg = Debug|Any CPU
		{47513295-AEF4-4AD1-B870-BEEACA70623A}.Debug|Any CPU.Build.0 = Debug|Any CPU
		{47513295-AEF4-4AD1-B870-BEEACA70623A}.Release|Any CPU.ActiveCfg = Release|Any CPU
		{47513295-AEF4-4AD1-B870-BEEACA70623A}.Release|Any CPU.Build.0 = Release|Any CPU
		{FF063A6B-0C76-4CCA-A2FD-F4F29B997A4B}.Debug|Any CPU.ActiveCfg = Debug|Any CPU
		{FF063A6B-0C76-4CCA-A2FD-F4F29B997A4B}.Debug|Any CPU.Build.0 = Debug|Any CPU
		{FF063A6B-0C76-4CCA-A2FD-F4F29B997A4B}.Release|Any CPU.ActiveCfg = Release|Any CPU
		{FF063A6B-0C76-4CCA-A2FD-F4F29B997A4B}.Release|Any CPU.Build.0 = Release|Any CPU
		{AD8F81F2-149E-4A03-94F9-F27142D866AA}.Debug|Any CPU.ActiveCfg = Debug|Any CPU
		{AD8F81F2-149E-4A03-94F9-F27142D866AA}.Debug|Any CPU.Build.0 = Debug|Any CPU
		{AD8F81F2-149E-4A03-94F9-F27142D866AA}.Release|Any CPU.ActiveCfg = Release|Any CPU
		{AD8F81F2-149E-4A03-94F9-F27142D866AA}.Release|Any CPU.Build.0 = Release|Any CPU
		{B8C20140-385D-4745-B6CE-238F3D69685F}.Debug|Any CPU.ActiveCfg = Debug|Any CPU
		{B8C20140-385D-4745-B6CE-238F3D69685F}.Debug|Any CPU.Build.0 = Debug|Any CPU
		{B8C20140-385D-4745-B6CE-238F3D69685F}.Release|Any CPU.ActiveCfg = Release|Any CPU
		{B8C20140-385D-4745-B6CE-238F3D69685F}.Release|Any CPU.Build.0 = Release|Any CPU
	EndGlobalSection
	GlobalSection(SolutionProperties) = preSolution
		HideSolutionNode = FALSE
	EndGlobalSection
	GlobalSection(NestedProjects) = preSolution
		{68C2F58E-AED8-48AA-B7AA-B65775246BAB} = {7955D5E3-0739-4EA7-AA7E-A015D1300D1A}
		{99BD94CE-3D2C-41B9-863C-8908A4EB8C47} = {7955D5E3-0739-4EA7-AA7E-A015D1300D1A}
		{925710A5-39AD-4A44-A714-2EDD51A005B6} = {7955D5E3-0739-4EA7-AA7E-A015D1300D1A}
		{1C960235-B580-4EE8-87E2-8A21054DD2BD} = {7955D5E3-0739-4EA7-AA7E-A015D1300D1A}
		{EFE05FDF-CF85-4713-944A-E60879E48186} = {7955D5E3-0739-4EA7-AA7E-A015D1300D1A}
		{95295199-EDDA-43FB-B3D2-463DA5BAC7C3} = {7955D5E3-0739-4EA7-AA7E-A015D1300D1A}
		{13DC0317-36BB-456F-9F1F-06F08461BFFC} = {13929D5B-7301-4101-8FD1-3246FDEDD279}
		{47513295-AEF4-4AD1-B870-BEEACA70623A} = {13929D5B-7301-4101-8FD1-3246FDEDD279}
		{FF063A6B-0C76-4CCA-A2FD-F4F29B997A4B} = {7955D5E3-0739-4EA7-AA7E-A015D1300D1A}
		{AD8F81F2-149E-4A03-94F9-F27142D866AA} = {13929D5B-7301-4101-8FD1-3246FDEDD279}
		{B8C20140-385D-4745-B6CE-238F3D69685F} = {7955D5E3-0739-4EA7-AA7E-A015D1300D1A}
	EndGlobalSection
EndGlobal
